Microsoft Visual Studio Solution File, Format Version 12.00
# Visual Studio Version 17
VisualStudioVersion = 17.5.2.0
MinimumVisualStudioVersion = 10.0.40219.1
Project("{FAE04EC0-301F-11D3-BF4B-00C04F79EFBC}") = "CalculatorApp", "CalculatorApp\CalculatorApp.csproj", "{1C3CFFA3-1436-C2F0-CDA9-0D7C28E4D2B1}"
EndProject
Global
	GlobalSection(SolutionConfigurationPlatforms) = preSolution
		Debug|Any CPU = Debug|Any CPU
		Release|Any CPU = Release|Any CPU
	EndGlobalSection
	GlobalSection(ProjectConfigurationPlatforms) = postSolution
		{1C3CFFA3-1436-C2F0-CDA9-0D7C28E4D2B1}.Debug|Any CPU.ActiveCfg = Debug|Any CPU
		{1C3CFFA3-1436-C2F0-CDA9-0D7C28E4D2B1}.Debug|Any CPU.Build.0 = Debug|Any CPU
		{1C3CFFA3-1436-C2F0-CDA9-0D7C28E4D2B1}.Release|Any CPU.ActiveCfg = Release|Any CPU
		{1C3CFFA3-1436-C2F0-CDA9-0D7C28E4D2B1}.Release|Any CPU.Build.0 = Release|Any CPU
	EndGlobalSection
	GlobalSection(SolutionProperties) = preSolution
		HideSolutionNode = FALSE
	EndGlobalSection
	GlobalSection(ExtensibilityGlobals) = postSolution
		SolutionGuid = {0D933B9C-9701-49EB-A7B3-447A9FBC8076}
	EndGlobalSection
EndGlobal
